
Microsoft Visual Studio Solution File, Format Version 12.00
# Visual Studio Version 17
VisualStudioVersion = 17.11.35303.130
MinimumVisualStudioVersion = 10.0.40219.1
Project("{9A19103F-16F7-4668-BE54-9A1E7A4F7556}") = "WebBH", "WebBH\WebBH.csproj", "{BB071817-621D-40B8-A1FF-B0FA5D585550}"
EndProject
Global
	GlobalSection(SolutionConfigurationPlatforms) = preSolution
		Debug|Any CPU = Debug|Any CPU
		Release|Any CPU = Release|Any CPU
	EndGlobalSection
	GlobalSection(ProjectConfigurationPlatforms) = postSolution
		{BB071817-621D-40B8-A1FF-B0FA5D585550}.Debug|Any CPU.ActiveCfg = Debug|Any CPU
		{BB071817-621D-40B8-A1FF-B0FA5D585550}.Debug|Any CPU.Build.0 = Debug|Any CPU
		{BB071817-621D-40B8-A1FF-B0FA5D585550}.Release|Any CPU.ActiveCfg = Release|Any CPU
		{BB071817-621D-40B8-A1FF-B0FA5D585550}.Release|Any CPU.Build.0 = Release|Any CPU
	EndGlobalSection
	GlobalSection(SolutionProperties) = preSolution
		HideSolutionNode = FALSE
	EndGlobalSection
	GlobalSection(ExtensibilityGlobals) = postSolution
		SolutionGuid = {81214E33-BD33-41F6-BE9E-8475D00D0A53}
	EndGlobalSection
EndGlobal
